// !$*UTF8*$!
{
	archiveVersion = 1;
	classes = {
	};
	objectVersion = 55;
	objects = {

/* Begin PBXBuildFile section */
		2706EACA28F708DF0067A1D7 /* PokeDetailViewController.swift in Sources */ = {isa = PBXBuildFile; fileRef = 2706EAC928F708DF0067A1D7 /* PokeDetailViewController.swift */; };
		277D71B628F84DE400F2B15F /* PokeViewModel.swift in Sources */ = {isa = PBXBuildFile; fileRef = 277D71B528F84DE400F2B15F /* PokeViewModel.swift */; };
		277D71B828F85D9500F2B15F /* PokeDetailViewModel.swift in Sources */ = {isa = PBXBuildFile; fileRef = 277D71B728F85D9500F2B15F /* PokeDetailViewModel.swift */; };
		27D6987428FE9C2A00A031C5 /* PokeStatsModel.swift in Sources */ = {isa = PBXBuildFile; fileRef = 27D6987328FE9C2A00A031C5 /* PokeStatsModel.swift */; };
		27F33CAD28F2FFED008DB3E4 /* AppDelegate.swift in Sources */ = {isa = PBXBuildFile; fileRef = 27F33CAC28F2FFED008DB3E4 /* AppDelegate.swift */; };
		27F33CAF28F2FFED008DB3E4 /* SceneDelegate.swift in Sources */ = {isa = PBXBuildFile; fileRef = 27F33CAE28F2FFED008DB3E4 /* SceneDelegate.swift */; };
		27F33CB128F2FFED008DB3E4 /* PokeViewController.swift in Sources */ = {isa = PBXBuildFile; fileRef = 27F33CB028F2FFED008DB3E4 /* PokeViewController.swift */; };
		27F33CB428F2FFED008DB3E4 /* Main.storyboard in Resources */ = {isa = PBXBuildFile; fileRef = 27F33CB228F2FFED008DB3E4 /* Main.storyboard */; };
		27F33CB628F2FFEE008DB3E4 /* Assets.xcassets in Resources */ = {isa = PBXBuildFile; fileRef = 27F33CB528F2FFEE008DB3E4 /* Assets.xcassets */; };
		27F33CB928F2FFEE008DB3E4 /* LaunchScreen.storyboard in Resources */ = {isa = PBXBuildFile; fileRef = 27F33CB728F2FFEE008DB3E4 /* LaunchScreen.storyboard */; };
		27F33CC228F30524008DB3E4 /* PokedexCollectionViewCell.swift in Sources */ = {isa = PBXBuildFile; fileRef = 27F33CC028F30524008DB3E4 /* PokedexCollectionViewCell.swift */; };
		27F33CC328F30524008DB3E4 /* PokedexCollectionViewCell.xib in Resources */ = {isa = PBXBuildFile; fileRef = 27F33CC128F30524008DB3E4 /* PokedexCollectionViewCell.xib */; };
		27F33CC528F30782008DB3E4 /* PokeNamesModel.swift in Sources */ = {isa = PBXBuildFile; fileRef = 27F33CC428F30782008DB3E4 /* PokeNamesModel.swift */; };
		27F33CC728F307DF008DB3E4 /* PokeManager.swift in Sources */ = {isa = PBXBuildFile; fileRef = 27F33CC628F307DF008DB3E4 /* PokeManager.swift */; };
		4D2AFFC0907A27A0E8CD4A53 /* Pods_Pokedex.framework in Frameworks */ = {isa = PBXBuildFile; fileRef = 55414B5937D4ECBC6560B8DD /* Pods_Pokedex.framework */; };
/* End PBXBuildFile section */

/* Begin PBXFileReference section */
		2706EAC928F708DF0067A1D7 /* PokeDetailViewController.swift */ = {isa = PBXFileReference; lastKnownFileType = sourcecode.swift; path = PokeDetailViewController.swift; sourceTree = "<group>"; };
		277D71B528F84DE400F2B15F /* PokeViewModel.swift */ = {isa = PBXFileReference; lastKnownFileType = sourcecode.swift; path = PokeViewModel.swift; sourceTree = "<group>"; };
		277D71B728F85D9500F2B15F /* PokeDetailViewModel.swift */ = {isa = PBXFileReference; lastKnownFileType = sourcecode.swift; path = PokeDetailViewModel.swift; sourceTree = "<group>"; };
		27D6987328FE9C2A00A031C5 /* PokeStatsModel.swift */ = {isa = PBXFileReference; lastKnownFileType = sourcecode.swift; path = PokeStatsModel.swift; sourceTree = "<group>"; };
		27F33CA928F2FFED008DB3E4 /* Pokedex.app */ = {isa = PBXFileReference; explicitFileType = wrapper.application; includeInIndex = 0; path = Pokedex.app; sourceTree = BUILT_PRODUCTS_DIR; };
		27F33CAC28F2FFED008DB3E4 /* AppDelegate.swift */ = {isa = PBXFileReference; lastKnownFileType = sourcecode.swift; path = AppDelegate.swift; sourceTree = "<group>"; };
		27F33CAE28F2FFED008DB3E4 /* SceneDelegate.swift */ = {isa = PBXFileReference; lastKnownFileType = sourcecode.swift; path = SceneDelegate.swift; sourceTree = "<group>"; };
		27F33CB028F2FFED008DB3E4 /* PokeViewController.swift */ = {isa = PBXFileReference; lastKnownFileType = sourcecode.swift; path = PokeViewController.swift; sourceTree = "<group>"; };
		27F33CB328F2FFED008DB3E4 /* Base */ = {isa = PBXFileReference; lastKnownFileType = file.storyboard; name = Base; path = Base.lproj/Main.storyboard; sourceTree = "<group>"; };
		27F33CB528F2FFEE008DB3E4 /* Assets.xcassets */ = {isa = PBXFileReference; lastKnownFileType = folder.assetcatalog; path = Assets.xcassets; sourceTree = "<group>"; };
		27F33CB828F2FFEE008DB3E4 /* Base */ = {isa = PBXFileReference; lastKnownFileType = file.storyboard; name = Base; path = Base.lproj/LaunchScreen.storyboard; sourceTree = "<group>"; };
		27F33CBA28F2FFEE008DB3E4 /* Info.plist */ = {isa = PBXFileReference; lastKnownFileType = text.plist.xml; path = Info.plist; sourceTree = "<group>"; };
		27F33CC028F30524008DB3E4 /* PokedexCollectionViewCell.swift */ = {isa = PBXFileReference; lastKnownFileType = sourcecode.swift; path = PokedexCollectionViewCell.swift; sourceTree = "<group>"; };
		27F33CC128F30524008DB3E4 /* PokedexCollectionViewCell.xib */ = {isa = PBXFileReference; lastKnownFileType = file.xib; path = PokedexCollectionViewCell.xib; sourceTree = "<group>"; };
		27F33CC428F30782008DB3E4 /* PokeNamesModel.swift */ = {isa = PBXFileReference; lastKnownFileType = sourcecode.swift; path = PokeNamesModel.swift; sourceTree = "<group>"; };
		27F33CC628F307DF008DB3E4 /* PokeManager.swift */ = {isa = PBXFileReference; lastKnownFileType = sourcecode.swift; path = PokeManager.swift; sourceTree = "<group>"; };
		434A4442BB0047AB60FC2F37 /* Pods-Pokedex.debug.xcconfig */ = {isa = PBXFileReference; includeInIndex = 1; lastKnownFileType = text.xcconfig; name = "Pods-Pokedex.debug.xcconfig"; path = "Target Support Files/Pods-Pokedex/Pods-Pokedex.debug.xcconfig"; sourceTree = "<group>"; };
		55414B5937D4ECBC6560B8DD /* Pods_Pokedex.framework */ = {isa = PBXFileReference; explicitFileType = wrapper.framework; includeInIndex = 0; path = Pods_Pokedex.framework; sourceTree = BUILT_PRODUCTS_DIR; };
		60CB1467D1ACB4A75C2774E9 /* Pods-Pokedex.release.xcconfig */ = {isa = PBXFileReference; includeInIndex = 1; lastKnownFileType = text.xcconfig; name = "Pods-Pokedex.release.xcconfig"; path = "Target Support Files/Pods-Pokedex/Pods-Pokedex.release.xcconfig"; sourceTree = "<group>"; };
/* End PBXFileReference section */

/* Begin PBXFrameworksBuildPhase section */
		27F33CA628F2FFED008DB3E4 /* Frameworks */ = {
			isa = PBXFrameworksBuildPhase;
			buildActionMask = 2147483647;
			files = (
				4D2AFFC0907A27A0E8CD4A53 /* Pods_Pokedex.framework in Frameworks */,
			);
			runOnlyForDeploymentPostprocessing = 0;
		};
/* End PBXFrameworksBuildPhase section */

/* Begin PBXGroup section */
		27419BA528FDD0F300673E81 /* View */ = {
			isa = PBXGroup;
			children = (
				27419BA928FDD15400673E81 /* Controller */,
				27F33CC128F30524008DB3E4 /* PokedexCollectionViewCell.xib */,
				27F33CB228F2FFED008DB3E4 /* Main.storyboard */,
			);
			path = View;
			sourceTree = "<group>";
		};
		27419BA628FDD11700673E81 /* ViewModel */ = {
			isa = PBXGroup;
			children = (
				27419BA728FDD13500673E81 /* Networking */,
				277D71B528F84DE400F2B15F /* PokeViewModel.swift */,
				277D71B728F85D9500F2B15F /* PokeDetailViewModel.swift */,
				27F33CC028F30524008DB3E4 /* PokedexCollectionViewCell.swift */,
			);
			path = ViewModel;
			sourceTree = "<group>";
		};
		27419BA728FDD13500673E81 /* Networking */ = {
			isa = PBXGroup;
			children = (
				27F33CC628F307DF008DB3E4 /* PokeManager.swift */,
			);
			path = Networking;
			sourceTree = "<group>";
		};
		27419BA828FDD14400673E81 /* Model */ = {
			isa = PBXGroup;
			children = (
				27F33CC428F30782008DB3E4 /* PokeNamesModel.swift */,
				27D6987328FE9C2A00A031C5 /* PokeStatsModel.swift */,
			);
			path = Model;
			sourceTree = "<group>";
		};
		27419BA928FDD15400673E81 /* Controller */ = {
			isa = PBXGroup;
			children = (
				2706EAC928F708DF0067A1D7 /* PokeDetailViewController.swift */,
				27F33CB028F2FFED008DB3E4 /* PokeViewController.swift */,
			);
			path = Controller;
			sourceTree = "<group>";
		};
		27F33CA028F2FFED008DB3E4 = {
			isa = PBXGroup;
			children = (
				27F33CAB28F2FFED008DB3E4 /* Pokedex */,
				27F33CAA28F2FFED008DB3E4 /* Products */,
				FA9C923E9D17C9927E8175DA /* Pods */,
				F3536F723301329CF2D2AC5E /* Frameworks */,
			);
			sourceTree = "<group>";
		};
		27F33CAA28F2FFED008DB3E4 /* Products */ = {
			isa = PBXGroup;
			children = (
				27F33CA928F2FFED008DB3E4 /* Pokedex.app */,
			);
			name = Products;
			sourceTree = "<group>";
		};
		27F33CAB28F2FFED008DB3E4 /* Pokedex */ = {
			isa = PBXGroup;
			children = (
				27419BA828FDD14400673E81 /* Model */,
				27419BA628FDD11700673E81 /* ViewModel */,
				27419BA528FDD0F300673E81 /* View */,
				27F33CB528F2FFEE008DB3E4 /* Assets.xcassets */,
				27F33CB728F2FFEE008DB3E4 /* LaunchScreen.storyboard */,
				27F33CAE28F2FFED008DB3E4 /* SceneDelegate.swift */,
				27F33CAC28F2FFED008DB3E4 /* AppDelegate.swift */,
				27F33CBA28F2FFEE008DB3E4 /* Info.plist */,
			);
			path = Pokedex;
			sourceTree = "<group>";
		};
		F3536F723301329CF2D2AC5E /* Frameworks */ = {
			isa = PBXGroup;
			children = (
				55414B5937D4ECBC6560B8DD /* Pods_Pokedex.framework */,
			);
			name = Frameworks;
			sourceTree = "<group>";
		};
		FA9C923E9D17C9927E8175DA /* Pods */ = {
			isa = PBXGroup;
			children = (
				434A4442BB0047AB60FC2F37 /* Pods-Pokedex.debug.xcconfig */,
				60CB1467D1ACB4A75C2774E9 /* Pods-Pokedex.release.xcconfig */,
			);
			path = Pods;
			sourceTree = "<group>";
		};
/* End PBXGroup section */

/* Begin PBXNativeTarget section */
		27F33CA828F2FFED008DB3E4 /* Pokedex */ = {
			isa = PBXNativeTarget;
			buildConfigurationList = 27F33CBD28F2FFEE008DB3E4 /* Build configuration list for PBXNativeTarget "Pokedex" */;
			buildPhases = (
				14CF7FA79391A19FAC8636E4 /* [CP] Check Pods Manifest.lock */,
				27F33CA528F2FFED008DB3E4 /* Sources */,
				27F33CA628F2FFED008DB3E4 /* Frameworks */,
				27F33CA728F2FFED008DB3E4 /* Resources */,
				6A7F3206D456A0F8A96F9EF0 /* [CP] Embed Pods Frameworks */,
			);
			buildRules = (
			);
			dependencies = (
			);
			name = Pokedex;
			productName = Pokedex;
			productReference = 27F33CA928F2FFED008DB3E4 /* Pokedex.app */;
			productType = "com.apple.product-type.application";
		};
/* End PBXNativeTarget section */

/* Begin PBXProject section */
		27F33CA128F2FFED008DB3E4 /* Project object */ = {
			isa = PBXProject;
			attributes = {
				BuildIndependentTargetsInParallel = 1;
				LastSwiftUpdateCheck = 1330;
				LastUpgradeCheck = 1330;
				TargetAttributes = {
					27F33CA828F2FFED008DB3E4 = {
						CreatedOnToolsVersion = 13.3;
					};
				};
			};
			buildConfigurationList = 27F33CA428F2FFED008DB3E4 /* Build configuration list for PBXProject "Pokedex" */;
			compatibilityVersion = "Xcode 13.0";
			developmentRegion = en;
			hasScannedForEncodings = 0;
			knownRegions = (
				en,
				Base,
			);
			mainGroup = 27F33CA028F2FFED008DB3E4;
			productRefGroup = 27F33CAA28F2FFED008DB3E4 /* Products */;
			projectDirPath = "";
			projectRoot = "";
			targets = (
				27F33CA828F2FFED008DB3E4 /* Pokedex */,
			);
		};
/* End PBXProject section */

/* Begin PBXResourcesBuildPhase section */
		27F33CA728F2FFED008DB3E4 /* Resources */ = {
			isa = PBXResourcesBuildPhase;
			buildActionMask = 2147483647;
			files = (
				27F33CB928F2FFEE008DB3E4 /* LaunchScreen.storyboard in Resources */,
				27F33CC328F30524008DB3E4 /* PokedexCollectionViewCell.xib in Resources */,
				27F33CB628F2FFEE008DB3E4 /* Assets.xcassets in Resources */,
				27F33CB428F2FFED008DB3E4 /* Main.storyboard in Resources */,
			);
			runOnlyForDeploymentPostprocessing = 0;
		};
/* End PBXResourcesBuildPhase section */

/* Begin PBXShellScriptBuildPhase section */
		14CF7FA79391A19FAC8636E4 /* [CP] Check Pods Manifest.lock */ = {
			isa = PBXShellScriptBuildPhase;
			buildActionMask = 2147483647;
			files = (
			);
			inputFileListPaths = (
			);
			inputPaths = (
				"${PODS_PODFILE_DIR_PATH}/Podfile.lock",
				"${PODS_ROOT}/Manifest.lock",
			);
			name = "[CP] Check Pods Manifest.lock";
			outputFileListPaths = (
			);
			outputPaths = (
				"$(DERIVED_FILE_DIR)/Pods-Pokedex-checkManifestLockResult.txt",
			);
			runOnlyForDeploymentPostprocessing = 0;
			shellPath = /bin/sh;
			shellScript = "diff \"${PODS_PODFILE_DIR_PATH}/Podfile.lock\" \"${PODS_ROOT}/Manifest.lock\" > /dev/null\nif [ $? != 0 ] ; then\n    # print error to STDERR\n    echo \"error: The sandbox is not in sync with the Podfile.lock. Run 'pod install' or update your CocoaPods installation.\" >&2\n    exit 1\nfi\n# This output is used by Xcode 'outputs' to avoid re-running this script phase.\necho \"SUCCESS\" > \"${SCRIPT_OUTPUT_FILE_0}\"\n";
			showEnvVarsInLog = 0;
		};
		6A7F3206D456A0F8A96F9EF0 /* [CP] Embed Pods Frameworks */ = {
			isa = PBXShellScriptBuildPhase;
			buildActionMask = 2147483647;
			files = (
			);
			inputFileListPaths = (
				"${PODS_ROOT}/Target Support Files/Pods-Pokedex/Pods-Pokedex-frameworks-${CONFIGURATION}-input-files.xcfilelist",
			);
			name = "[CP] Embed Pods Frameworks";
			outputFileListPaths = (
				"${PODS_ROOT}/Target Support Files/Pods-Pokedex/Pods-Pokedex-frameworks-${CONFIGURATION}-output-files.xcfilelist",
			);
			runOnlyForDeploymentPostprocessing = 0;
			shellPath = /bin/sh;
			shellScript = "\"${PODS_ROOT}/Target Support Files/Pods-Pokedex/Pods-Pokedex-frameworks.sh\"\n";
			showEnvVarsInLog = 0;
		};
/* End PBXShellScriptBuildPhase section */

/* Begin PBXSourcesBuildPhase section */
		27F33CA528F2FFED008DB3E4 /* Sources */ = {
			isa = PBXSourcesBuildPhase;
			buildActionMask = 2147483647;
			files = (
				2706EACA28F708DF0067A1D7 /* PokeDetailViewController.swift in Sources */,
				27F33CC728F307DF008DB3E4 /* PokeManager.swift in Sources */,
				27D6987428FE9C2A00A031C5 /* PokeStatsModel.swift in Sources */,
				27F33CC528F30782008DB3E4 /* PokeNamesModel.swift in Sources */,
				277D71B628F84DE400F2B15F /* PokeViewModel.swift in Sources */,
				27F33CB128F2FFED008DB3E4 /* PokeViewController.swift in Sources */,
				27F33CC228F30524008DB3E4 /* PokedexCollectionViewCell.swift in Sources */,
				277D71B828F85D9500F2B15F /* PokeDetailViewModel.swift in Sources */,
				27F33CAD28F2FFED008DB3E4 /* AppDelegate.swift in Sources */,
				27F33CAF28F2FFED008DB3E4 /* SceneDelegate.swift in Sources */,
			);
			runOnlyForDeploymentPostprocessing = 0;
		};
/* End PBXSourcesBuildPhase section */

/* Begin PBXVariantGroup section */
		27F33CB228F2FFED008DB3E4 /* Main.storyboard */ = {
			isa = PBXVariantGroup;
			children = (
				27F33CB328F2FFED008DB3E4 /* Base */,
			);
			name = Main.storyboard;
			sourceTree = "<group>";
		};
		27F33CB728F2FFEE008DB3E4 /* LaunchScreen.storyboard */ = {
			isa = PBXVariantGroup;
			children = (
				27F33CB828F2FFEE008DB3E4 /* Base */,
			);
			name = LaunchScreen.storyboard;
			sourceTree = "<group>";
		};
/* End PBXVariantGroup section */

/* Begin XCBuildConfiguration section */
		27F33CBB28F2FFEE008DB3E4 /* Debug */ = {
			isa = XCBuildConfiguration;
			buildSettings = {
				ALWAYS_SEARCH_USER_PATHS = NO;
				CLANG_ANALYZER_NONNULL = YES;
				CLANG_ANALYZER_NUMBER_OBJECT_CONVERSION = YES_AGGRESSIVE;
				CLANG_CXX_LANGUAGE_STANDARD = "gnu++17";
				CLANG_ENABLE_MODULES = YES;
				CLANG_ENABLE_OBJC_ARC = YES;
				CLANG_ENABLE_OBJC_WEAK = YES;
				CLANG_WARN_BLOCK_CAPTURE_AUTORELEASING = YES;
				CLANG_WARN_BOOL_CONVERSION = YES;
				CLANG_WARN_COMMA = YES;
				CLANG_WARN_CONSTANT_CONVERSION = YES;
				CLANG_WARN_DEPRECATED_OBJC_IMPLEMENTATIONS = YES;
				CLANG_WARN_DIRECT_OBJC_ISA_USAGE = YES_ERROR;
				CLANG_WARN_DOCUMENTATION_COMMENTS = YES;
				CLANG_WARN_EMPTY_BODY = YES;
				CLANG_WARN_ENUM_CONVERSION = YES;
				CLANG_WARN_INFINITE_RECURSION = YES;
				CLANG_WARN_INT_CONVERSION = YES;
				CLANG_WARN_NON_LITERAL_NULL_CONVERSION = YES;
				CLANG_WARN_OBJC_IMPLICIT_RETAIN_SELF = YES;
				CLANG_WARN_OBJC_LITERAL_CONVERSION = YES;
				CLANG_WARN_OBJC_ROOT_CLASS = YES_ERROR;
				CLANG_WARN_QUOTED_INCLUDE_IN_FRAMEWORK_HEADER = YES;
				CLANG_WARN_RANGE_LOOP_ANALYSIS = YES;
				CLANG_WARN_STRICT_PROTOTYPES = YES;
				CLANG_WARN_SUSPICIOUS_MOVE = YES;
				CLANG_WARN_UNGUARDED_AVAILABILITY = YES_AGGRESSIVE;
				CLANG_WARN_UNREACHABLE_CODE = YES;
				CLANG_WARN__DUPLICATE_METHOD_MATCH = YES;
				COPY_PHASE_STRIP = NO;
				DEBUG_INFORMATION_FORMAT = dwarf;
				ENABLE_STRICT_OBJC_MSGSEND = YES;
				ENABLE_TESTABILITY = YES;
				GCC_C_LANGUAGE_STANDARD = gnu11;
				GCC_DYNAMIC_NO_PIC = NO;
				GCC_NO_COMMON_BLOCKS = YES;
				GCC_OPTIMIZATION_LEVEL = 0;
				GCC_PREPROCESSOR_DEFINITIONS = (
					"DEBUG=1",
					"$(inherited)",
				);
				GCC_WARN_64_TO_32_BIT_CONVERSION = YES;
				GCC_WARN_ABOUT_RETURN_TYPE = YES_ERROR;
				GCC_WARN_UNDECLARED_SELECTOR = YES;
				GCC_WARN_UNINITIALIZED_AUTOS = YES_AGGRESSIVE;
				GCC_WARN_UNUSED_FUNCTION = YES;
				GCC_WARN_UNUSED_VARIABLE = YES;
				IPHONEOS_DEPLOYMENT_TARGET = 15.4;
				MTL_ENABLE_DEBUG_INFO = INCLUDE_SOURCE;
				MTL_FAST_MATH = YES;
				ONLY_ACTIVE_ARCH = YES;
				SDKROOT = iphoneos;
				SWIFT_ACTIVE_COMPILATION_CONDITIONS = DEBUG;
				SWIFT_OPTIMIZATION_LEVEL = "-Onone";
			};
			name = Debug;
		};
		27F33CBC28F2FFEE008DB3E4 /* Release */ = {
			isa = XCBuildConfiguration;
			buildSettings = {
				ALWAYS_SEARCH_USER_PATHS = NO;
				CLANG_ANALYZER_NONNULL = YES;
				CLANG_ANALYZER_NUMBER_OBJECT_CONVERSION = YES_AGGRESSIVE;
				CLANG_CXX_LANGUAGE_STANDARD = "gnu++17";
				CLANG_ENABLE_MODULES = YES;
				CLANG_ENABLE_OBJC_ARC = YES;
				CLANG_ENABLE_OBJC_WEAK = YES;
				CLANG_WARN_BLOCK_CAPTURE_AUTORELEASING = YES;
				CLANG_WARN_BOOL_CONVERSION = YES;
				CLANG_WARN_COMMA = YES;
				CLANG_WARN_CONSTANT_CONVERSION = YES;
				CLANG_WARN_DEPRECATED_OBJC_IMPLEMENTATIONS = YES;
				CLANG_WARN_DIRECT_OBJC_ISA_USAGE = YES_ERROR;
				CLANG_WARN_DOCUMENTATION_COMMENTS = YES;
				CLANG_WARN_EMPTY_BODY = YES;
				CLANG_WARN_ENUM_CONVERSION = YES;
				CLANG_WARN_INFINITE_RECURSION = YES;
				CLANG_WARN_INT_CONVERSION = YES;
				CLANG_WARN_NON_LITERAL_NULL_CONVERSION = YES;
				CLANG_WARN_OBJC_IMPLICIT_RETAIN_SELF = YES;
				CLANG_WARN_OBJC_LITERAL_CONVERSION = YES;
				CLANG_WARN_OBJC_ROOT_CLASS = YES_ERROR;
				CLANG_WARN_QUOTED_INCLUDE_IN_FRAMEWORK_HEADER = YES;
				CLANG_WARN_RANGE_LOOP_ANALYSIS = YES;
				CLANG_WARN_STRICT_PROTOTYPES = YES;
				CLANG_WARN_SUSPICIOUS_MOVE = YES;
				CLANG_WARN_UNGUARDED_AVAILABILITY = YES_AGGRESSIVE;
				CLANG_WARN_UNREACHABLE_CODE = YES;
				CLANG_WARN__DUPLICATE_METHOD_MATCH = YES;
				COPY_PHASE_STRIP = NO;
				DEBUG_INFORMATION_FORMAT = "dwarf-with-dsym";
				ENABLE_NS_ASSERTIONS = NO;
				ENABLE_STRICT_OBJC_MSGSEND = YES;
				GCC_C_LANGUAGE_STANDARD = gnu11;
				GCC_NO_COMMON_BLOCKS = YES;
				GCC_WARN_64_TO_32_BIT_CONVERSION = YES;
				GCC_WARN_ABOUT_RETURN_TYPE = YES_ERROR;
				GCC_WARN_UNDECLARED_SELECTOR = YES;
				GCC_WARN_UNINITIALIZED_AUTOS = YES_AGGRESSIVE;
				GCC_WARN_UNUSED_FUNCTION = YES;
				GCC_WARN_UNUSED_VARIABLE = YES;
				IPHONEOS_DEPLOYMENT_TARGET = 15.4;
				MTL_ENABLE_DEBUG_INFO = NO;
				MTL_FAST_MATH = YES;
				SDKROOT = iphoneos;
				SWIFT_COMPILATION_MODE = wholemodule;
				SWIFT_OPTIMIZATION_LEVEL = "-O";
				VALIDATE_PRODUCT = YES;
			};
			name = Release;
		};
		27F33CBE28F2FFEE008DB3E4 /* Debug */ = {
			isa = XCBuildConfiguration;
			baseConfigurationReference = 434A4442BB0047AB60FC2F37 /* Pods-Pokedex.debug.xcconfig */;
			buildSettings = {
				ASSETCATALOG_COMPILER_APPICON_NAME = AppIcon;
				ASSETCATALOG_COMPILER_GLOBAL_ACCENT_COLOR_NAME = AccentColor;
				CODE_SIGN_STYLE = Automatic;
				CURRENT_PROJECT_VERSION = 1;
				GENERATE_INFOPLIST_FILE = YES;
				INFOPLIST_FILE = Pokedex/Info.plist;
				INFOPLIST_KEY_UIApplicationSupportsIndirectInputEvents = YES;
				INFOPLIST_KEY_UILaunchStoryboardName = LaunchScreen;
				INFOPLIST_KEY_UIMainStoryboardFile = Main;
				INFOPLIST_KEY_UISupportedInterfaceOrientations_iPad = "UIInterfaceOrientationPortrait UIInterfaceOrientationPortraitUpsideDown UIInterfaceOrientationLandscapeLeft UIInterfaceOrientationLandscapeRight";
				INFOPLIST_KEY_UISupportedInterfaceOrientations_iPhone = "UIInterfaceOrientationPortrait UIInterfaceOrientationLandscapeLeft UIInterfaceOrientationLandscapeRight";
				LD_RUNPATH_SEARCH_PATHS = (
					"$(inherited)",
					"@executable_path/Frameworks",
				);
				MARKETING_VERSION = 1.0;
				PRODUCT_BUNDLE_IDENTIFIER = com.omer.Pokedex;
				PRODUCT_NAME = "$(TARGET_NAME)";
				SWIFT_EMIT_LOC_STRINGS = YES;
				SWIFT_VERSION = 5.0;
				TARGETED_DEVICE_FAMILY = "1,2";
			};
			name = Debug;
		};
		27F33CBF28F2FFEE008DB3E4 /* Release */ = {
			isa = XCBuildConfiguration;
			baseConfigurationReference = 60CB1467D1ACB4A75C2774E9 /* Pods-Pokedex.release.xcconfig */;
			buildSettings = {
				ASSETCATALOG_COMPILER_APPICON_NAME = AppIcon;
				ASSETCATALOG_COMPILER_GLOBAL_ACCENT_COLOR_NAME = AccentColor;
				CODE_SIGN_STYLE = Automatic;
				CURRENT_PROJECT_VERSION = 1;
				GENERATE_INFOPLIST_FILE = YES;
				INFOPLIST_FILE = Pokedex/Info.plist;
				INFOPLIST_KEY_UIApplicationSupportsIndirectInputEvents = YES;
				INFOPLIST_KEY_UILaunchStoryboardName = LaunchScreen;
				INFOPLIST_KEY_UIMainStoryboardFile = Main;
				INFOPLIST_KEY_UISupportedInterfaceOrientations_iPad = "UIInterfaceOrientationPortrait UIInterfaceOrientationPortraitUpsideDown UIInterfaceOrientationLandscapeLeft UIInterfaceOrientationLandscapeRight";
				INFOPLIST_KEY_UISupportedInterfaceOrientations_iPhone = "UIInterfaceOrientationPortrait UIInterfaceOrientationLandscapeLeft UIInterfaceOrientationLandscapeRight";
				LD_RUNPATH_SEARCH_PATHS = (
					"$(inherited)",
					"@executable_path/Frameworks",
				);
				MARKETING_VERSION = 1.0;
				PRODUCT_BUNDLE_IDENTIFIER = com.omer.Pokedex;
				PRODUCT_NAME = "$(TARGET_NAME)";
				SWIFT_EMIT_LOC_STRINGS = YES;
				SWIFT_VERSION = 5.0;
				TARGETED_DEVICE_FAMILY = "1,2";
			};
			name = Release;
		};
/* End XCBuildConfiguration section */

/* Begin XCConfigurationList section */
		27F33CA428F2FFED008DB3E4 /* Build configuration list for PBXProject "Pokedex" */ = {
			isa = XCConfigurationList;
			buildConfigurations = (
				27F33CBB28F2FFEE008DB3E4 /* Debug */,
				27F33CBC28F2FFEE008DB3E4 /* Release */,
			);
			defaultConfigurationIsVisible = 0;
			defaultConfigurationName = Release;
		};
		27F33CBD28F2FFEE008DB3E4 /* Build configuration list for PBXNativeTarget "Pokedex" */ = {
			isa = XCConfigurationList;
			buildConfigurations = (
				27F33CBE28F2FFEE008DB3E4 /* Debug */,
				27F33CBF28F2FFEE008DB3E4 /* Release */,
			);
			defaultConfigurationIsVisible = 0;
			defaultConfigurationName = Release;
		};
/* End XCConfigurationList section */
	};
	rootObject = 27F33CA128F2FFED008DB3E4 /* Project object */;
}
